{
  "version": 4,
  "terraform_version": "0.12.3",
  "serial": 136,
  "lineage": "5444c881-0d4b-1a2d-b440-1ad21e51a86f",
  "outputs": {
    "disk_ids": {
      "value": [
        "bsm-dn4jwvi4",
        "bsm-xxjphcmu"
      ],
      "type": [
        "tuple",
        [
          "string",
          "string"
        ]
      ]
    },
    "ids": {
      "value": [
        "uhost-mk3txkvr",
        "uhost-ynjxr4wg"
      ],
      "type": [
        "tuple",
        [
          "string",
          "string"
        ]
      ]
    },
    "public_ips": {
      "value": [
        "106.75.4.180",
        "106.75.93.240"
      ],
      "type": [
        "tuple",
        [
          "string",
          "string"
        ]
      ]
    }
  },
  "resources": [
    {
      "mode": "data",
      "type": "ucloud_images",
      "name": "default",
      "provider": "provider.ucloud",
      "instances": [
        {
          "schema_version": 0,
          "attributes": {
            "availability_zone": "cn-bj2-05",
            "id": "406167993",
            "image_id": null,
            "image_type": "base",
            "images": [
              {
                "availability_zone": "cn-bj2-05",
                "create_time": "2019-04-16T19:44:56+08:00",
                "description": "",
                "features": [
                  "NetEnhanced",
                  "HotPlug"
                ],
                "id": "uimage-ohveag",
                "name": "CentOS 7.1 64位",
                "os_name": "CentOS 7.1 64位",
                "os_type": "linux",
                "size": 20,
                "status": "Available",
                "type": "base"
              },
              {
                "availability_zone": "cn-bj2-05",
                "create_time": "2019-04-16T19:44:57+08:00",
                "description": "",
                "features": [
                  "NetEnhanced",
                  "HotPlug"
                ],
                "id": "uimage-a5ajkp",
                "name": "CentOS 7.2 64位",
                "os_name": "CentOS 7.2 64位",
                "os_type": "linux",
                "size": 20,
                "status": "Available",
                "type": "base"
              }
            ],
            "name_regex": "^CentOS 7.[1-2] 64",
            "os_type": null,
            "output_file": null,
            "total_count": 2
          }
        }
      ]
    },
    {
      "mode": "data",
      "type": "ucloud_security_groups",
      "name": "default",
      "provider": "provider.ucloud",
      "instances": [
        {
          "schema_version": 0,
          "attributes": {
            "id": "2414840173",
            "ids": null,
            "name_regex": null,
            "output_file": null,
            "security_groups": [
              {
                "create_time": "2018-09-26T19:41:37+08:00",
                "id": "firewall-rgpf3r",
                "name": "Web服务器推荐(22，3389，80，443)",
                "remark": "开放22，3389，80，443端口和ICMP",
                "rules": [
                  {
                    "cidr_block": "0.0.0.0/0",
                    "policy": "accept",
                    "port_range": "22",
                    "priority": "high",
                    "protocol": "tcp"
                  },
                  {
                    "cidr_block": "0.0.0.0/0",
                    "policy": "accept",
                    "port_range": "3389",
                    "priority": "high",
                    "protocol": "tcp"
                  },
                  {
                    "cidr_block": "0.0.0.0/0",
                    "policy": "accept",
                    "port_range": "80",
                    "priority": "high",
                    "protocol": "tcp"
                  },
                  {
                    "cidr_block": "0.0.0.0/0",
                    "policy": "accept",
                    "port_range": "443",
                    "priority": "high",
                    "protocol": "tcp"
                  },
                  {
                    "cidr_block": "0.0.0.0/0",
                    "policy": "accept",
                    "port_range": "",
                    "priority": "high",
                    "protocol": "icmp"
                  }
                ],
                "tag": "Default",
                "type": "recommend_web"
              }
            ],
            "total_count": 1,
            "type": "recommend_web"
          }
        }
      ]
    },
    {
      "module": "module.uhost_instance",
      "mode": "managed",
      "type": "ucloud_disk",
      "name": "disks",
      "each": "list",
      "provider": "provider.ucloud",
      "instances": [
        {
          "index_key": 0,
          "schema_version": 0,
          "attributes": {
            "availability_zone": "cn-bj2-05",
            "charge_type": "month",
            "create_time": "2019-07-08T15:19:38+08:00",
            "disk_size": 30,
            "disk_type": "ssd_data_disk",
            "duration": 1,
            "expire_time": "2019-08-08T15:19:39+08:00",
            "id": "bsm-dn4jwvi4",
            "name": "example-complete-disk",
            "status": "Available",
            "tag": "Default"
          },
          "private": "bnVsbA=="
        },
        {
          "index_key": 1,
          "schema_version": 0,
          "attributes": {
            "availability_zone": "cn-bj2-05",
            "charge_type": "month",
            "create_time": "2019-07-08T15:19:38+08:00",
            "disk_size": 30,
            "disk_type": "ssd_data_disk",
            "duration": 1,
            "expire_time": "2019-08-08T15:19:39+08:00",
            "id": "bsm-xxjphcmu",
            "name": "example-complete-disk",
            "status": "Available",
            "tag": "Default"
          },
          "private": "bnVsbA=="
        }
      ]
    },
    {
      "module": "module.uhost_instance",
      "mode": "managed",
      "type": "ucloud_disk_attachment",
      "name": "default",
      "each": "list",
      "provider": "provider.ucloud",
      "instances": [
        {
          "index_key": 0,
          "schema_version": 1,
          "attributes": {
            "availability_zone": "cn-bj2-05",
            "disk_id": "bsm-dn4jwvi4",
            "id": "bsm-dn4jwvi4:uhost-mk3txkvr",
            "instance_id": "uhost-mk3txkvr"
          },
          "private": "eyJzY2hlbWFfdmVyc2lvbiI6IjEifQ==",
          "depends_on": [
            "ucloud_disk.disks",
            "ucloud_instance.instances"
          ]
        },
        {
          "index_key": 1,
          "schema_version": 1,
          "attributes": {
            "availability_zone": "cn-bj2-05",
            "disk_id": "bsm-xxjphcmu",
            "id": "bsm-xxjphcmu:uhost-ynjxr4wg",
            "instance_id": "uhost-ynjxr4wg"
          },
          "private": "eyJzY2hlbWFfdmVyc2lvbiI6IjEifQ==",
          "depends_on": [
            "ucloud_disk.disks",
            "ucloud_instance.instances"
          ]
        }
      ]
    },
    {
      "module": "module.uhost_instance",
      "mode": "managed",
      "type": "ucloud_eip",
      "name": "eips",
      "each": "list",
      "provider": "provider.ucloud",
      "instances": [
        {
          "index_key": 0,
          "schema_version": 0,
          "attributes": {
            "bandwidth": 1,
            "charge_mode": "bandwidth",
            "charge_type": "month",
            "create_time": "2019-07-08T15:19:38+08:00",
            "duration": 1,
            "expire_time": "2019-08-08T15:19:38+08:00",
            "id": "eip-21oyc0i5",
            "internet_type": "bgp",
            "ip_set": [
              {
                "internet_type": "BGP",
                "ip": "106.75.4.180"
              }
            ],
            "name": "example-complete-eip",
            "public_ip": "106.75.4.180",
            "remark": "",
            "resource": {
              "id": "",
              "type": ""
            },
            "status": "free",
            "tag": "Default"
          },
          "private": "bnVsbA=="
        },
        {
          "index_key": 1,
          "schema_version": 0,
          "attributes": {
            "bandwidth": 1,
            "charge_mode": "bandwidth",
            "charge_type": "month",
            "create_time": "2019-07-08T15:19:38+08:00",
            "duration": 1,
            "expire_time": "2019-08-08T15:19:38+08:00",
            "id": "eip-zvhtjz4s",
            "internet_type": "bgp",
            "ip_set": [
              {
                "internet_type": "BGP",
                "ip": "106.75.93.240"
              }
            ],
            "name": "example-complete-eip",
            "public_ip": "106.75.93.240",
            "remark": "",
            "resource": {
              "id": "",
              "type": ""
            },
            "status": "free",
            "tag": "Default"
          },
          "private": "bnVsbA=="
        }
      ]
    },
    {
      "module": "module.uhost_instance",
      "mode": "managed",
      "type": "ucloud_eip_association",
      "name": "default",
      "each": "list",
      "provider": "provider.ucloud",
      "instances": [
        {
          "index_key": 0,
          "schema_version": 1,
          "attributes": {
            "eip_id": "eip-21oyc0i5",
            "id": "eip-21oyc0i5:uhost-mk3txkvr",
            "resource_id": "uhost-mk3txkvr",
            "resource_type": "instance"
          },
          "private": "eyJzY2hlbWFfdmVyc2lvbiI6IjEifQ==",
          "depends_on": [
            "ucloud_eip.eips",
            "ucloud_instance.instances"
          ]
        },
        {
          "index_key": 1,
          "schema_version": 1,
          "attributes": {
            "eip_id": "eip-zvhtjz4s",
            "id": "eip-zvhtjz4s:uhost-ynjxr4wg",
            "resource_id": "uhost-ynjxr4wg",
            "resource_type": "instance"
          },
          "private": "eyJzY2hlbWFfdmVyc2lvbiI6IjEifQ==",
          "depends_on": [
            "ucloud_eip.eips",
            "ucloud_instance.instances"
          ]
        }
      ]
    },
    {
      "module": "module.uhost_instance",
      "mode": "managed",
      "type": "ucloud_instance",
      "name": "instances",
      "each": "list",
      "provider": "provider.ucloud",
      "instances": [
        {
          "index_key": 0,
          "schema_version": 0,
          "attributes": {
            "auto_renew": true,
            "availability_zone": "cn-bj2-05",
            "boot_disk_size": 20,
            "boot_disk_type": "cloud_ssd",
            "charge_type": "month",
            "cpu": 2,
            "cpu_platform": null,
            "create_time": "2019-07-08T15:19:40+08:00",
            "data_disk_size": 0,
            "data_disk_type": "local_normal",
            "disk_set": [
              {
                "id": "bsi-xjhddp",
                "is_boot": true,
                "size": 20,
                "type": "cloud_ssd"
              }
            ],
            "duration": 1,
            "expire_time": "2019-08-08T15:19:41+08:00",
            "id": "uhost-mk3txkvr",
            "image_id": "uimage-ohveag",
            "instance_type": "n-standard-2",
            "ip_set": [
              {
                "internet_type": "Private",
                "ip": "10.42.127.237"
              }
            ],
            "isolation_group": "",
            "memory": 8,
            "name": "example-complete-instance-01",
            "private_ip": "10.42.127.237",
            "remark": "",
            "root_password": "ucloud_2019",
            "security_group": "firewall-rgpf3r",
            "status": "Running",
            "subnet_id": "subnet-hjohfy",
            "tag": "Default",
            "timeouts": null,
            "vpc_id": "uvnet-300sly"
          },
          "private": "eyJlMmJmYjczMC1lY2FhLTExZTYtOGY4OC0zNDM2M2JjN2M0YzAiOnsiY3JlYXRlIjoxODAwMDAwMDAwMDAwLCJkZWxldGUiOjYwMDAwMDAwMDAwMCwidXBkYXRlIjoxMjAwMDAwMDAwMDAwfX0="
        },
        {
          "index_key": 1,
          "schema_version": 0,
          "attributes": {
            "auto_renew": true,
            "availability_zone": "cn-bj2-05",
            "boot_disk_size": 20,
            "boot_disk_type": "cloud_ssd",
            "charge_type": "month",
            "cpu": 2,
            "cpu_platform": null,
            "create_time": "2019-07-08T15:20:09+08:00",
            "data_disk_size": 0,
            "data_disk_type": "local_normal",
            "disk_set": [
              {
                "id": "bsi-ohzlxy",
                "is_boot": true,
                "size": 20,
                "type": "cloud_ssd"
              }
            ],
            "duration": 1,
            "expire_time": "2019-08-08T15:20:11+08:00",
            "id": "uhost-ynjxr4wg",
            "image_id": "uimage-ohveag",
            "instance_type": "n-standard-2",
            "ip_set": [
              {
                "internet_type": "Private",
                "ip": "10.42.164.79"
              }
            ],
            "isolation_group": "",
            "memory": 8,
            "name": "example-complete-instance-02",
            "private_ip": "10.42.164.79",
            "remark": "",
            "root_password": "ucloud_2019",
            "security_group": "firewall-rgpf3r",
            "status": "Running",
            "subnet_id": "subnet-hjohfy",
            "tag": "Default",
            "timeouts": null,
            "vpc_id": "uvnet-300sly"
          },
          "private": "eyJlMmJmYjczMC1lY2FhLTExZTYtOGY4OC0zNDM2M2JjN2M0YzAiOnsiY3JlYXRlIjoxODAwMDAwMDAwMDAwLCJkZWxldGUiOjYwMDAwMDAwMDAwMCwidXBkYXRlIjoxMjAwMDAwMDAwMDAwfX0="
        }
      ]
    }
  ]
}
